PODS:
  - DGCharts (5.1.0):
    - DGCharts/Core (= 5.1.0)
  - DGCharts/Core (5.1.0)
  - lottie-ios (4.4.1)

DEPENDENCIES:
  - DGCharts (~> 5.1)
  - lottie-ios (~> 4.4)

SPEC REPOS:
  trunk:
    - DGCharts
    - lottie-ios

SPEC CHECKSUMS:
  DGCharts: 1c6daf585b6cfc78807af44ea690d357c410627f
  lottie-ios: e047b1d2e6239b787cc5e9755b988869cf190494

PODFILE CHECKSUM: aaacfad3286118e9246b8c349f747ecbcf23d8cd

COCOAPODS: 1.15.2
